
Microsoft Visual Studio Solution File, Format Version 12.00
# Visual Studio Version 16
VisualStudioVersion = 16.0.31112.23
MinimumVisualStudioVersion = 10.0.40219.1
Project("{9A19103F-16F7-4668-BE54-9A1E7A4F7556}") = "Utils", "Utils\Utils.csproj", "{C4BAA30D-9156-4BA5-A1AF-332E292F1DE3}"
EndProject
Project("{2150E333-8FDC-42A3-9474-1A3956D46DE8}") = "Algorithms", "Algorithms", "{58284307-5B34-448A-8778-185DEA9B466A}"
EndProject
Project("{2150E333-8FDC-42A3-9474-1A3956D46DE8}") = "DataStructures", "DataStructures", "{92D1CE40-BBB1-400F-965F-08243923B35E}"
EndProject
Project("{2150E333-8FDC-42A3-9474-1A3956D46DE8}") = "Sorting", "Sorting", "{F2C45A64-4B4E-48CE-8B9C-19FE291A9153}"
EndProject
Project("{9A19103F-16F7-4668-BE54-9A1E7A4F7556}") = "BubbleSort", "Agorithms\Sorting\BubbleSort\BubbleSort.csproj", "{B26E20F6-1DD3-4578-83DC-76C8B295D1C4}"
EndProject
Project("{9A19103F-16F7-4668-BE54-9A1E7A4F7556}") = "InsertionSort", "Agorithms\Sorting\InsertionSort\InsertionSort.csproj", "{5BB632D3-FC4A-446E-9AAF-8B292BE1870D}"
EndProject
Project("{9A19103F-16F7-4668-BE54-9A1E7A4F7556}") = "SelectionSort", "Agorithms\Sorting\SelectionSort\SelectionSort.csproj", "{80675E20-9B10-49F8-8F99-6BBAE4B61022}"
EndProject
Project("{2150E333-8FDC-42A3-9474-1A3956D46DE8}") = "Searching", "Searching", "{CF1CC3C8-2421-4557-8F69-98AC0F039F56}"
EndProject
Project("{9A19103F-16F7-4668-BE54-9A1E7A4F7556}") = "BinarySearch", "Agorithms\Searching\BinarySearch\BinarySearch.csproj", "{3B33A8E5-230B-44AC-8FB1-A4C24CC12045}"
EndProject
Project("{9A19103F-16F7-4668-BE54-9A1E7A4F7556}") = "SequentialSearch", "Agorithms\Searching\SequentialSearch\SequentialSearch.csproj", "{6A569948-A8E8-46B4-9076-53293748AD19}"
EndProject
Project("{9A19103F-16F7-4668-BE54-9A1E7A4F7556}") = "CustomStack", "DataStructures\Linear\CustomStack\CustomStack.csproj", "{A5909827-6A2E-4A3C-8413-551CF7EB33E3}"
EndProject
Project("{2150E333-8FDC-42A3-9474-1A3956D46DE8}") = "Linear", "Linear", "{740A557C-1FAD-4568-918A-924280ED1925}"
EndProject
Project("{9A19103F-16F7-4668-BE54-9A1E7A4F7556}") = "CustomQueue", "DataStructures\Linear\CustomQueue\CustomQueue.csproj", "{B718648F-FF3D-4142-93C6-D8B925314FB0}"
EndProject
Project("{9A19103F-16F7-4668-BE54-9A1E7A4F7556}") = "PriorityQueue", "DataStructures\Linear\PriorityQueue\PriorityQueue.csproj", "{3FDCBAE7-3ED6-4A0D-BA19-A6C033DEC0E4}"
EndProject
Project("{9A19103F-16F7-4668-BE54-9A1E7A4F7556}") = "HashTable", "DataStructures\Linear\HashTable\HashTable.csproj", "{5F21710D-B742-437A-A77F-BE9CE8F5E760}"
EndProject
Project("{9A19103F-16F7-4668-BE54-9A1E7A4F7556}") = "QueueWithStack", "DataStructures\Linear\QueueWithStack\QueueWithStack.csproj", "{B2B4C5DF-5908-4455-BBD5-CF965CD8253D}"
EndProject
Project("{2150E333-8FDC-42A3-9474-1A3956D46DE8}") = "Others", "Others", "{FF98D444-55A0-4D34-893F-0DAEB04A712E}"
EndProject
Project("{9A19103F-16F7-4668-BE54-9A1E7A4F7556}") = "EncryptWithXOR", "Agorithms\Others\EncryptWithXOR\EncryptWithXOR.csproj", "{4F09748F-8A43-4238-AC91-B7AB9D7C2AF6}"
EndProject
Project("{9A19103F-16F7-4668-BE54-9A1E7A4F7556}") = "CustomLinkedList", "DataStructures\Linear\CustomLinkedList\CustomLinkedList.csproj", "{2B88C666-0ED3-4C6D-BA31-07D3451A20E0}"
EndProject
Project("{9A19103F-16F7-4668-BE54-9A1E7A4F7556}") = "BinarySearchTree", "DataStructures\NonLinear\BinarySearchTree\BinarySearchTree.csproj", "{BF4B2443-E615-436E-99CA-AFDB6C3E16A2}"
EndProject
Project("{2150E333-8FDC-42A3-9474-1A3956D46DE8}") = "NonLinear", "NonLinear", "{79E76E62-A707-4FC2-AD12-B8B94EF42641}"
EndProject
Project("{9A19103F-16F7-4668-BE54-9A1E7A4F7556}") = "CustomSet", "DataStructures\NonLinear\CustomSet\CustomSet.csproj", "{A5CE6D54-8A63-462D-A41E-C020311D16A5}"
EndProject
Project("{9A19103F-16F7-4668-BE54-9A1E7A4F7556}") = "ShellSort", "Agorithms\Sorting\ShellSort\ShellSort.csproj", "{EC9851B3-719F-4E9B-BDD9-ADA54A15EC8C}"
EndProject
Project("{FAE04EC0-301F-11D3-BF4B-00C04F79EFBC}") = "MergeSort", "Agorithms\Sorting\MergeSort\MergeSort.csproj", "{4DE2D79D-8411-495B-85DE-15E175941634}"
EndProject
Global
	GlobalSection(SolutionConfigurationPlatforms) = preSolution
		Debug|Any CPU = Debug|Any CPU
		Release|Any CPU = Release|Any CPU
	EndGlobalSection
	GlobalSection(ProjectConfigurationPlatforms) = postSolution
		{C4BAA30D-9156-4BA5-A1AF-332E292F1DE3}.Debug|Any CPU.ActiveCfg = Debug|Any CPU
		{C4BAA30D-9156-4BA5-A1AF-332E292F1DE3}.Debug|Any CPU.Build.0 = Debug|Any CPU
		{C4BAA30D-9156-4BA5-A1AF-332E292F1DE3}.Release|Any CPU.ActiveCfg = Release|Any CPU
		{C4BAA30D-9156-4BA5-A1AF-332E292F1DE3}.Release|Any CPU.Build.0 = Release|Any CPU
		{B26E20F6-1DD3-4578-83DC-76C8B295D1C4}.Debug|Any CPU.ActiveCfg = Debug|Any CPU
		{B26E20F6-1DD3-4578-83DC-76C8B295D1C4}.Debug|Any CPU.Build.0 = Debug|Any CPU
		{B26E20F6-1DD3-4578-83DC-76C8B295D1C4}.Release|Any CPU.ActiveCfg = Release|Any CPU
		{B26E20F6-1DD3-4578-83DC-76C8B295D1C4}.Release|Any CPU.Build.0 = Release|Any CPU
		{5BB632D3-FC4A-446E-9AAF-8B292BE1870D}.Debug|Any CPU.ActiveCfg = Debug|Any CPU
		{5BB632D3-FC4A-446E-9AAF-8B292BE1870D}.Debug|Any CPU.Build.0 = Debug|Any CPU
		{5BB632D3-FC4A-446E-9AAF-8B292BE1870D}.Release|Any CPU.ActiveCfg = Release|Any CPU
		{5BB632D3-FC4A-446E-9AAF-8B292BE1870D}.Release|Any CPU.Build.0 = Release|Any CPU
		{80675E20-9B10-49F8-8F99-6BBAE4B61022}.Debug|Any CPU.ActiveCfg = Debug|Any CPU
		{80675E20-9B10-49F8-8F99-6BBAE4B61022}.Debug|Any CPU.Build.0 = Debug|Any CPU
		{80675E20-9B10-49F8-8F99-6BBAE4B61022}.Release|Any CPU.ActiveCfg = Release|Any CPU
		{80675E20-9B10-49F8-8F99-6BBAE4B61022}.Release|Any CPU.Build.0 = Release|Any CPU
		{3B33A8E5-230B-44AC-8FB1-A4C24CC12045}.Debug|Any CPU.ActiveCfg = Debug|Any CPU
		{3B33A8E5-230B-44AC-8FB1-A4C24CC12045}.Debug|Any CPU.Build.0 = Debug|Any CPU
		{3B33A8E5-230B-44AC-8FB1-A4C24CC12045}.Release|Any CPU.ActiveCfg = Release|Any CPU
		{3B33A8E5-230B-44AC-8FB1-A4C24CC12045}.Release|Any CPU.Build.0 = Release|Any CPU
		{6A569948-A8E8-46B4-9076-53293748AD19}.Debug|Any CPU.ActiveCfg = Debug|Any CPU
		{6A569948-A8E8-46B4-9076-53293748AD19}.Debug|Any CPU.Build.0 = Debug|Any CPU
		{6A569948-A8E8-46B4-9076-53293748AD19}.Release|Any CPU.ActiveCfg = Release|Any CPU
		{6A569948-A8E8-46B4-9076-53293748AD19}.Release|Any CPU.Build.0 = Release|Any CPU
		{A5909827-6A2E-4A3C-8413-551CF7EB33E3}.Debug|Any CPU.ActiveCfg = Debug|Any CPU
		{A5909827-6A2E-4A3C-8413-551CF7EB33E3}.Debug|Any CPU.Build.0 = Debug|Any CPU
		{A5909827-6A2E-4A3C-8413-551CF7EB33E3}.Release|Any CPU.ActiveCfg = Release|Any CPU
		{A5909827-6A2E-4A3C-8413-551CF7EB33E3}.Release|Any CPU.Build.0 = Release|Any CPU
		{B718648F-FF3D-4142-93C6-D8B925314FB0}.Debug|Any CPU.ActiveCfg = Debug|Any CPU
		{B718648F-FF3D-4142-93C6-D8B925314FB0}.Debug|Any CPU.Build.0 = Debug|Any CPU
		{B718648F-FF3D-4142-93C6-D8B925314FB0}.Release|Any CPU.ActiveCfg = Release|Any CPU
		{B718648F-FF3D-4142-93C6-D8B925314FB0}.Release|Any CPU.Build.0 = Release|Any CPU
		{3FDCBAE7-3ED6-4A0D-BA19-A6C033DEC0E4}.Debug|Any CPU.ActiveCfg = Debug|Any CPU
		{3FDCBAE7-3ED6-4A0D-BA19-A6C033DEC0E4}.Debug|Any CPU.Build.0 = Debug|Any CPU
		{3FDCBAE7-3ED6-4A0D-BA19-A6C033DEC0E4}.Release|Any CPU.ActiveCfg = Release|Any CPU
		{3FDCBAE7-3ED6-4A0D-BA19-A6C033DEC0E4}.Release|Any CPU.Build.0 = Release|Any CPU
		{5F21710D-B742-437A-A77F-BE9CE8F5E760}.Debug|Any CPU.ActiveCfg = Debug|Any CPU
		{5F21710D-B742-437A-A77F-BE9CE8F5E760}.Debug|Any CPU.Build.0 = Debug|Any CPU
		{5F21710D-B742-437A-A77F-BE9CE8F5E760}.Release|Any CPU.ActiveCfg = Release|Any CPU
		{5F21710D-B742-437A-A77F-BE9CE8F5E760}.Release|Any CPU.Build.0 = Release|Any CPU
		{B2B4C5DF-5908-4455-BBD5-CF965CD8253D}.Debug|Any CPU.ActiveCfg = Debug|Any CPU
		{B2B4C5DF-5908-4455-BBD5-CF965CD8253D}.Debug|Any CPU.Build.0 = Debug|Any CPU
		{B2B4C5DF-5908-4455-BBD5-CF965CD8253D}.Release|Any CPU.ActiveCfg = Release|Any CPU
		{B2B4C5DF-5908-4455-BBD5-CF965CD8253D}.Release|Any CPU.Build.0 = Release|Any CPU
		{4F09748F-8A43-4238-AC91-B7AB9D7C2AF6}.Debug|Any CPU.ActiveCfg = Debug|Any CPU
		{4F09748F-8A43-4238-AC91-B7AB9D7C2AF6}.Debug|Any CPU.Build.0 = Debug|Any CPU
		{4F09748F-8A43-4238-AC91-B7AB9D7C2AF6}.Release|Any CPU.ActiveCfg = Release|Any CPU
		{4F09748F-8A43-4238-AC91-B7AB9D7C2AF6}.Release|Any CPU.Build.0 = Release|Any CPU
		{2B88C666-0ED3-4C6D-BA31-07D3451A20E0}.Debug|Any CPU.ActiveCfg = Debug|Any CPU
		{2B88C666-0ED3-4C6D-BA31-07D3451A20E0}.Debug|Any CPU.Build.0 = Debug|Any CPU
		{2B88C666-0ED3-4C6D-BA31-07D3451A20E0}.Release|Any CPU.ActiveCfg = Release|Any CPU
		{2B88C666-0ED3-4C6D-BA31-07D3451A20E0}.Release|Any CPU.Build.0 = Release|Any CPU
		{BF4B2443-E615-436E-99CA-AFDB6C3E16A2}.Debug|Any CPU.ActiveCfg = Debug|Any CPU
		{BF4B2443-E615-436E-99CA-AFDB6C3E16A2}.Debug|Any CPU.Build.0 = Debug|Any CPU
		{BF4B2443-E615-436E-99CA-AFDB6C3E16A2}.Release|Any CPU.ActiveCfg = Release|Any CPU
		{BF4B2443-E615-436E-99CA-AFDB6C3E16A2}.Release|Any CPU.Build.0 = Release|Any CPU
		{A5CE6D54-8A63-462D-A41E-C020311D16A5}.Debug|Any CPU.ActiveCfg = Debug|Any CPU
		{A5CE6D54-8A63-462D-A41E-C020311D16A5}.Debug|Any CPU.Build.0 = Debug|Any CPU
		{A5CE6D54-8A63-462D-A41E-C020311D16A5}.Release|Any CPU.ActiveCfg = Release|Any CPU
		{A5CE6D54-8A63-462D-A41E-C020311D16A5}.Release|Any CPU.Build.0 = Release|Any CPU
		{EC9851B3-719F-4E9B-BDD9-ADA54A15EC8C}.Debug|Any CPU.ActiveCfg = Debug|Any CPU
		{EC9851B3-719F-4E9B-BDD9-ADA54A15EC8C}.Debug|Any CPU.Build.0 = Debug|Any CPU
		{EC9851B3-719F-4E9B-BDD9-ADA54A15EC8C}.Release|Any CPU.ActiveCfg = Release|Any CPU
		{EC9851B3-719F-4E9B-BDD9-ADA54A15EC8C}.Release|Any CPU.Build.0 = Release|Any CPU
		{4DE2D79D-8411-495B-85DE-15E175941634}.Debug|Any CPU.ActiveCfg = Debug|Any CPU
		{4DE2D79D-8411-495B-85DE-15E175941634}.Debug|Any CPU.Build.0 = Debug|Any CPU
		{4DE2D79D-8411-495B-85DE-15E175941634}.Release|Any CPU.ActiveCfg = Release|Any CPU
		{4DE2D79D-8411-495B-85DE-15E175941634}.Release|Any CPU.Build.0 = Release|Any CPU
	EndGlobalSection
	GlobalSection(SolutionProperties) = preSolution
		HideSolutionNode = FALSE
	EndGlobalSection
	GlobalSection(NestedProjects) = preSolution
		{F2C45A64-4B4E-48CE-8B9C-19FE291A9153} = {58284307-5B34-448A-8778-185DEA9B466A}
		{B26E20F6-1DD3-4578-83DC-76C8B295D1C4} = {F2C45A64-4B4E-48CE-8B9C-19FE291A9153}
		{5BB632D3-FC4A-446E-9AAF-8B292BE1870D} = {F2C45A64-4B4E-48CE-8B9C-19FE291A9153}
		{80675E20-9B10-49F8-8F99-6BBAE4B61022} = {F2C45A64-4B4E-48CE-8B9C-19FE291A9153}
		{CF1CC3C8-2421-4557-8F69-98AC0F039F56} = {58284307-5B34-448A-8778-185DEA9B466A}
		{3B33A8E5-230B-44AC-8FB1-A4C24CC12045} = {CF1CC3C8-2421-4557-8F69-98AC0F039F56}
		{6A569948-A8E8-46B4-9076-53293748AD19} = {CF1CC3C8-2421-4557-8F69-98AC0F039F56}
		{A5909827-6A2E-4A3C-8413-551CF7EB33E3} = {740A557C-1FAD-4568-918A-924280ED1925}
		{740A557C-1FAD-4568-918A-924280ED1925} = {92D1CE40-BBB1-400F-965F-08243923B35E}
		{B718648F-FF3D-4142-93C6-D8B925314FB0} = {740A557C-1FAD-4568-918A-924280ED1925}
		{3FDCBAE7-3ED6-4A0D-BA19-A6C033DEC0E4} = {740A557C-1FAD-4568-918A-924280ED1925}
		{5F21710D-B742-437A-A77F-BE9CE8F5E760} = {740A557C-1FAD-4568-918A-924280ED1925}
		{B2B4C5DF-5908-4455-BBD5-CF965CD8253D} = {740A557C-1FAD-4568-918A-924280ED1925}
		{FF98D444-55A0-4D34-893F-0DAEB04A712E} = {58284307-5B34-448A-8778-185DEA9B466A}
		{4F09748F-8A43-4238-AC91-B7AB9D7C2AF6} = {FF98D444-55A0-4D34-893F-0DAEB04A712E}
		{2B88C666-0ED3-4C6D-BA31-07D3451A20E0} = {740A557C-1FAD-4568-918A-924280ED1925}
		{BF4B2443-E615-436E-99CA-AFDB6C3E16A2} = {79E76E62-A707-4FC2-AD12-B8B94EF42641}
		{79E76E62-A707-4FC2-AD12-B8B94EF42641} = {92D1CE40-BBB1-400F-965F-08243923B35E}
		{A5CE6D54-8A63-462D-A41E-C020311D16A5} = {79E76E62-A707-4FC2-AD12-B8B94EF42641}
		{EC9851B3-719F-4E9B-BDD9-ADA54A15EC8C} = {F2C45A64-4B4E-48CE-8B9C-19FE291A9153}
		{4DE2D79D-8411-495B-85DE-15E175941634} = {F2C45A64-4B4E-48CE-8B9C-19FE291A9153}
	EndGlobalSection
	GlobalSection(ExtensibilityGlobals) = postSolution
		SolutionGuid = {18B0E4DF-7C7E-48F0-9998-E564FFA1280F}
	EndGlobalSection
EndGlobal
