
Microsoft Visual Studio Solution File, Format Version 12.00
# Visual Studio Version 16
VisualStudioVersion = 16.0.31112.23
MinimumVisualStudioVersion = 10.0.40219.1
Project("{9A19103F-16F7-4668-BE54-9A1E7A4F7556}") = "Utils", "Utils\Utils.csproj", "{C4BAA30D-9156-4BA5-A1AF-332E292F1DE3}"
EndProject
Project("{2150E333-8FDC-42A3-9474-1A3956D46DE8}") = "Algorithms", "Algorithms", "{58284307-5B34-448A-8778-185DEA9B466A}"
EndProject
Project("{2150E333-8FDC-42A3-9474-1A3956D46DE8}") = "Sorting", "Sorting", "{EC129BB9-503C-443D-BA91-65274A77DE93}"
EndProject
Project("{2150E333-8FDC-42A3-9474-1A3956D46DE8}") = "DataStructures", "DataStructures", "{92D1CE40-BBB1-400F-965F-08243923B35E}"
EndProject
Project("{9A19103F-16F7-4668-BE54-9A1E7A4F7556}") = "SelectionSort", "Agorithms\SelectionSort\SelectionSort.csproj", "{5DBD45A1-3E72-451E-B310-C75040048434}"
EndProject
Project("{9A19103F-16F7-4668-BE54-9A1E7A4F7556}") = "InsertionSort", "Agorithms\InsertionSort\InsertionSort.csproj", "{62953384-CF1A-4F8D-88C3-D5D5ED3D16F6}"
EndProject
Project("{9A19103F-16F7-4668-BE54-9A1E7A4F7556}") = "BubbleSort", "Agorithms\BubbleSort\BubbleSort.csproj", "{8733B745-8408-4FF0-898E-ED125BDEB577}"
EndProject
Project("{2150E333-8FDC-42A3-9474-1A3956D46DE8}") = "Searching", "Searching", "{87CA3378-680D-4440-BD89-9DD12EAB9E62}"
EndProject
Project("{FAE04EC0-301F-11D3-BF4B-00C04F79EFBC}") = "Sequential", "DataStructures\Sequential\Sequential.csproj", "{BD5EB0D3-E26D-4CC3-863C-E94D7A864A9A}"
EndProject
Global
	GlobalSection(SolutionConfigurationPlatforms) = preSolution
		Debug|Any CPU = Debug|Any CPU
		Release|Any CPU = Release|Any CPU
	EndGlobalSection
	GlobalSection(ProjectConfigurationPlatforms) = postSolution
		{C4BAA30D-9156-4BA5-A1AF-332E292F1DE3}.Debug|Any CPU.ActiveCfg = Debug|Any CPU
		{C4BAA30D-9156-4BA5-A1AF-332E292F1DE3}.Debug|Any CPU.Build.0 = Debug|Any CPU
		{C4BAA30D-9156-4BA5-A1AF-332E292F1DE3}.Release|Any CPU.ActiveCfg = Release|Any CPU
		{C4BAA30D-9156-4BA5-A1AF-332E292F1DE3}.Release|Any CPU.Build.0 = Release|Any CPU
		{5DBD45A1-3E72-451E-B310-C75040048434}.Debug|Any CPU.ActiveCfg = Debug|Any CPU
		{5DBD45A1-3E72-451E-B310-C75040048434}.Debug|Any CPU.Build.0 = Debug|Any CPU
		{5DBD45A1-3E72-451E-B310-C75040048434}.Release|Any CPU.ActiveCfg = Release|Any CPU
		{5DBD45A1-3E72-451E-B310-C75040048434}.Release|Any CPU.Build.0 = Release|Any CPU
		{62953384-CF1A-4F8D-88C3-D5D5ED3D16F6}.Debug|Any CPU.ActiveCfg = Debug|Any CPU
		{62953384-CF1A-4F8D-88C3-D5D5ED3D16F6}.Debug|Any CPU.Build.0 = Debug|Any CPU
		{62953384-CF1A-4F8D-88C3-D5D5ED3D16F6}.Release|Any CPU.ActiveCfg = Release|Any CPU
		{62953384-CF1A-4F8D-88C3-D5D5ED3D16F6}.Release|Any CPU.Build.0 = Release|Any CPU
		{8733B745-8408-4FF0-898E-ED125BDEB577}.Debug|Any CPU.ActiveCfg = Debug|Any CPU
		{8733B745-8408-4FF0-898E-ED125BDEB577}.Debug|Any CPU.Build.0 = Debug|Any CPU
		{8733B745-8408-4FF0-898E-ED125BDEB577}.Release|Any CPU.ActiveCfg = Release|Any CPU
		{8733B745-8408-4FF0-898E-ED125BDEB577}.Release|Any CPU.Build.0 = Release|Any CPU
		{BD5EB0D3-E26D-4CC3-863C-E94D7A864A9A}.Debug|Any CPU.ActiveCfg = Debug|Any CPU
		{BD5EB0D3-E26D-4CC3-863C-E94D7A864A9A}.Debug|Any CPU.Build.0 = Debug|Any CPU
		{BD5EB0D3-E26D-4CC3-863C-E94D7A864A9A}.Release|Any CPU.ActiveCfg = Release|Any CPU
		{BD5EB0D3-E26D-4CC3-863C-E94D7A864A9A}.Release|Any CPU.Build.0 = Release|Any CPU
	EndGlobalSection
	GlobalSection(SolutionProperties) = preSolution
		HideSolutionNode = FALSE
	EndGlobalSection
	GlobalSection(NestedProjects) = preSolution
		{EC129BB9-503C-443D-BA91-65274A77DE93} = {58284307-5B34-448A-8778-185DEA9B466A}
		{5DBD45A1-3E72-451E-B310-C75040048434} = {EC129BB9-503C-443D-BA91-65274A77DE93}
		{62953384-CF1A-4F8D-88C3-D5D5ED3D16F6} = {EC129BB9-503C-443D-BA91-65274A77DE93}
		{8733B745-8408-4FF0-898E-ED125BDEB577} = {EC129BB9-503C-443D-BA91-65274A77DE93}
		{87CA3378-680D-4440-BD89-9DD12EAB9E62} = {58284307-5B34-448A-8778-185DEA9B466A}
		{BD5EB0D3-E26D-4CC3-863C-E94D7A864A9A} = {87CA3378-680D-4440-BD89-9DD12EAB9E62}
	EndGlobalSection
	GlobalSection(ExtensibilityGlobals) = postSolution
		SolutionGuid = {18B0E4DF-7C7E-48F0-9998-E564FFA1280F}
	EndGlobalSection
EndGlobal
